
Microsoft Visual Studio Solution File, Format Version 12.00
# Visual Studio Version 17
VisualStudioVersion = 17.8.34601.278
MinimumVisualStudioVersion = 10.0.40219.1
Project("{FAE04EC0-301F-11D3-BF4B-00C04F79EFBC}") = "FamilyMoney", "FamilyMoney.csproj", "{7826AC9A-9901-4BAC-802C-93BC268BA708}"
EndProject
Global
	GlobalSection(SolutionConfigurationPlatforms) = preSolution
		Debug|Any CPU = Debug|Any CPU
		Release|Any CPU = Release|Any CPU
	EndGlobalSection
	GlobalSection(ProjectConfigurationPlatforms) = postSolution
		{7826AC9A-9901-4BAC-802C-93BC268BA708}.Debug|Any CPU.ActiveCfg = Debug|Any CPU
		{7826AC9A-9901-4BAC-802C-93BC268BA708}.Debug|Any CPU.Build.0 = Debug|Any CPU
		{7826AC9A-9901-4BAC-802C-93BC268BA708}.Release|Any CPU.ActiveCfg = Release|Any CPU
		{7826AC9A-9901-4BAC-802C-93BC268BA708}.Release|Any CPU.Build.0 = Release|Any CPU
	EndGlobalSection
	GlobalSection(SolutionProperties) = preSolution
		HideSolutionNode = FALSE
	EndGlobalSection
	GlobalSection(ExtensibilityGlobals) = postSolution
		SolutionGuid = {FFD2F906-3321-411B-86B5-E27B74A8809B}
	EndGlobalSection
EndGlobal
