
Microsoft Visual Studio Solution File, Format Version 12.00
# Visual Studio Version 18
VisualStudioVersion = 18.0.11222.15 d18.0
MinimumVisualStudioVersion = 10.0.40219.1
Project("{FAE04EC0-301F-11D3-BF4B-00C04F79EFBC}") = "FamilyMoney", "FamilyMoney\FamilyMoney.csproj", "{5A7E0BAB-04BE-1846-8BB5-51D4333A0ED3}"
EndProject
Global
	GlobalSection(SolutionConfigurationPlatforms) = preSolution
		Debug|Any CPU = Debug|Any CPU
		Release|Any CPU = Release|Any CPU
	EndGlobalSection
	GlobalSection(ProjectConfigurationPlatforms) = postSolution
		{5A7E0BAB-04BE-1846-8BB5-51D4333A0ED3}.Debug|Any CPU.ActiveCfg = Debug|Any CPU
		{5A7E0BAB-04BE-1846-8BB5-51D4333A0ED3}.Debug|Any CPU.Build.0 = Debug|Any CPU
		{5A7E0BAB-04BE-1846-8BB5-51D4333A0ED3}.Release|Any CPU.ActiveCfg = Release|Any CPU
		{5A7E0BAB-04BE-1846-8BB5-51D4333A0ED3}.Release|Any CPU.Build.0 = Release|Any CPU
	EndGlobalSection
	GlobalSection(SolutionProperties) = preSolution
		HideSolutionNode = FALSE
	EndGlobalSection
	GlobalSection(ExtensibilityGlobals) = postSolution
		SolutionGuid = {7A2854A8-145D-4941-AB87-B630DA3B42B3}
	EndGlobalSection
EndGlobal
