
Microsoft Visual Studio Solution File, Format Version 12.00
# Visual Studio Version 18
VisualStudioVersion = 18.0.11222.15
MinimumVisualStudioVersion = 10.0.40219.1
Project("{FAE04EC0-301F-11D3-BF4B-00C04F79EFBC}") = "FamilyMoney", "FamilyMoney\FamilyMoney.csproj", "{5A7E0BAB-04BE-1846-8BB5-51D4333A0ED3}"
EndProject
Project("{FAE04EC0-301F-11D3-BF4B-00C04F79EFBC}") = "FamilyMoney.Desktop", "FamilyMoney.Desktop\FamilyMoney.Desktop.csproj", "{B2C3D4E5-F6A7-8901-BCDE-F12345678901}"
EndProject
Project("{FAE04EC0-301F-11D3-BF4B-00C04F79EFBC}") = "FamilyMoney.Navigation", "FamilyMoney.Navigation\FamilyMoney.Navigation.csproj", "{C3D4E5F6-A7B8-9012-CDEF-123456789012}"
EndProject
Project("{FAE04EC0-301F-11D3-BF4B-00C04F79EFBC}") = "FamilyMoney.Android", "FamilyMoney.Android\FamilyMoney.Android.csproj", "{D4E5F6A7-B8C9-0123-DEF0-234567890123}"
EndProject
Project("{FAE04EC0-301F-11D3-BF4B-00C04F79EFBC}") = "FamilyMoney.Navigation.Desktop", "FamilyMoney.Navigation.Desktop\FamilyMoney.Navigation.Desktop.csproj", "{E265645C-7754-C05D-C1B8-2ABE5027974E}"
EndProject
Global
	GlobalSection(SolutionConfigurationPlatforms) = preSolution
		Debug|Any CPU = Debug|Any CPU
		Release|Any CPU = Release|Any CPU
	EndGlobalSection
	GlobalSection(ProjectConfigurationPlatforms) = postSolution
		{5A7E0BAB-04BE-1846-8BB5-51D4333A0ED3}.Debug|Any CPU.ActiveCfg = Debug|Any CPU
		{5A7E0BAB-04BE-1846-8BB5-51D4333A0ED3}.Debug|Any CPU.Build.0 = Debug|Any CPU
		{5A7E0BAB-04BE-1846-8BB5-51D4333A0ED3}.Release|Any CPU.ActiveCfg = Release|Any CPU
		{5A7E0BAB-04BE-1846-8BB5-51D4333A0ED3}.Release|Any CPU.Build.0 = Release|Any CPU
		{B2C3D4E5-F6A7-8901-BCDE-F12345678901}.Debug|Any CPU.ActiveCfg = Debug|Any CPU
		{B2C3D4E5-F6A7-8901-BCDE-F12345678901}.Debug|Any CPU.Build.0 = Debug|Any CPU
		{B2C3D4E5-F6A7-8901-BCDE-F12345678901}.Release|Any CPU.ActiveCfg = Release|Any CPU
		{B2C3D4E5-F6A7-8901-BCDE-F12345678901}.Release|Any CPU.Build.0 = Release|Any CPU
		{C3D4E5F6-A7B8-9012-CDEF-123456789012}.Debug|Any CPU.ActiveCfg = Debug|Any CPU
		{C3D4E5F6-A7B8-9012-CDEF-123456789012}.Debug|Any CPU.Build.0 = Debug|Any CPU
		{C3D4E5F6-A7B8-9012-CDEF-123456789012}.Release|Any CPU.ActiveCfg = Release|Any CPU
		{C3D4E5F6-A7B8-9012-CDEF-123456789012}.Release|Any CPU.Build.0 = Release|Any CPU
		{D4E5F6A7-B8C9-0123-DEF0-234567890123}.Debug|Any CPU.ActiveCfg = Debug|Any CPU
		{D4E5F6A7-B8C9-0123-DEF0-234567890123}.Debug|Any CPU.Build.0 = Debug|Any CPU
		{D4E5F6A7-B8C9-0123-DEF0-234567890123}.Debug|Any CPU.Deploy.0 = Debug|Any CPU
		{D4E5F6A7-B8C9-0123-DEF0-234567890123}.Release|Any CPU.ActiveCfg = Release|Any CPU
		{D4E5F6A7-B8C9-0123-DEF0-234567890123}.Release|Any CPU.Build.0 = Release|Any CPU
		{E265645C-7754-C05D-C1B8-2ABE5027974E}.Debug|Any CPU.ActiveCfg = Debug|Any CPU
		{E265645C-7754-C05D-C1B8-2ABE5027974E}.Debug|Any CPU.Build.0 = Debug|Any CPU
		{E265645C-7754-C05D-C1B8-2ABE5027974E}.Release|Any CPU.ActiveCfg = Release|Any CPU
		{E265645C-7754-C05D-C1B8-2ABE5027974E}.Release|Any CPU.Build.0 = Release|Any CPU
	EndGlobalSection
	GlobalSection(SolutionProperties) = preSolution
		HideSolutionNode = FALSE
	EndGlobalSection
	GlobalSection(ExtensibilityGlobals) = postSolution
		SolutionGuid = {7A2854A8-145D-4941-AB87-B630DA3B42B3}
	EndGlobalSection
EndGlobal
